// !$*UTF8*$!
{
	archiveVersion = 1;
	classes = {
	};
	objectVersion = 56;
	objects = {

/* Begin PBXBuildFile section */
		F416EDA12BBC4517002F80EF /* SpotifyCategoryCell.swift in Sources */ = {isa = PBXBuildFile; fileRef = F416EDA02BBC4517002F80EF /* SpotifyCategoryCell.swift */; };
		F416EDA42BBC4716002F80EF /* Category.swift in Sources */ = {isa = PBXBuildFile; fileRef = F416EDA32BBC4716002F80EF /* Category.swift */; };
		F416EDA62BBC4EAE002F80EF /* SpofityRecentCell.swift in Sources */ = {isa = PBXBuildFile; fileRef = F416EDA52BBC4EAE002F80EF /* SpofityRecentCell.swift */; };
		F416EDA82BBC53ED002F80EF /* SpotifyNewReleaseCell.swift in Sources */ = {isa = PBXBuildFile; fileRef = F416EDA72BBC53ED002F80EF /* SpotifyNewReleaseCell.swift */; };
		F4642BE32BBD3B03009A87D4 /* SongRowCell.swift in Sources */ = {isa = PBXBuildFile; fileRef = F4642BE22BBD3B03009A87D4 /* SongRowCell.swift */; };
		F46B4E382BBD018400E52465 /* ImageTitleRowCell.swift in Sources */ = {isa = PBXBuildFile; fileRef = F46B4E372BBD018400E52465 /* ImageTitleRowCell.swift */; };
		F46B4E3A2BBD0AA600E52465 /* SpotifyPlayListView.swift in Sources */ = {isa = PBXBuildFile; fileRef = F46B4E392BBD0AA600E52465 /* SpotifyPlayListView.swift */; };
		F46B4E3C2BBD0AD200E52465 /* PlayListHeaderCell.swift in Sources */ = {isa = PBXBuildFile; fileRef = F46B4E3B2BBD0AD200E52465 /* PlayListHeaderCell.swift */; };
		F46B4E3E2BBD14BB00E52465 /* PlayListDescriptionCell.swift in Sources */ = {isa = PBXBuildFile; fileRef = F46B4E3D2BBD14BB00E52465 /* PlayListDescriptionCell.swift */; };
		F4931E222BBBC4E600EA7079 /* RebuildPopularUIScreensinSwiftUIApp.swift in Sources */ = {isa = PBXBuildFile; fileRef = F4931E212BBBC4E600EA7079 /* RebuildPopularUIScreensinSwiftUIApp.swift */; };
		F4931E242BBBC4E600EA7079 /* ContentView.swift in Sources */ = {isa = PBXBuildFile; fileRef = F4931E232BBBC4E600EA7079 /* ContentView.swift */; };
		F4931E262BBBC4E700EA7079 /* Assets.xcassets in Resources */ = {isa = PBXBuildFile; fileRef = F4931E252BBBC4E700EA7079 /* Assets.xcassets */; };
		F4931E292BBBC4E700EA7079 /* Preview Assets.xcassets in Resources */ = {isa = PBXBuildFile; fileRef = F4931E282BBBC4E700EA7079 /* Preview Assets.xcassets */; };
		F4931E312BBBC6F500EA7079 /* SDWebImageSwiftUI in Frameworks */ = {isa = PBXBuildFile; productRef = F4931E302BBBC6F500EA7079 /* SDWebImageSwiftUI */; };
		F4931E342BBBC71200EA7079 /* ImageLoaderView.swift in Sources */ = {isa = PBXBuildFile; fileRef = F4931E332BBBC71200EA7079 /* ImageLoaderView.swift */; };
		F4931E362BBBC7CB00EA7079 /* Constants.swift in Sources */ = {isa = PBXBuildFile; fileRef = F4931E352BBBC7CB00EA7079 /* Constants.swift */; };
		F4931E382BBBC92F00EA7079 /* DatabaseHelper.swift in Sources */ = {isa = PBXBuildFile; fileRef = F4931E372BBBC92F00EA7079 /* DatabaseHelper.swift */; };
		F4931E3A2BBBCB4E00EA7079 /* ProductModel.swift in Sources */ = {isa = PBXBuildFile; fileRef = F4931E392BBBCB4E00EA7079 /* ProductModel.swift */; };
		F4931E3C2BBBCB6800EA7079 /* UserModel.swift in Sources */ = {isa = PBXBuildFile; fileRef = F4931E3B2BBBCB6800EA7079 /* UserModel.swift */; };
		F4931E3F2BBBCEC100EA7079 /* SwiftfulUI in Frameworks */ = {isa = PBXBuildFile; productRef = F4931E3E2BBBCEC100EA7079 /* SwiftfulUI */; };
		F4931E422BBBCED600EA7079 /* SwiftfulRouting in Frameworks */ = {isa = PBXBuildFile; productRef = F4931E412BBBCED600EA7079 /* SwiftfulRouting */; };
		F4931E472BBBD50900EA7079 /* SpotifyHomeView.swift in Sources */ = {isa = PBXBuildFile; fileRef = F4931E462BBBD50900EA7079 /* SpotifyHomeView.swift */; };
/* End PBXBuildFile section */

/* Begin PBXFileReference section */
		F416EDA02BBC4517002F80EF /* SpotifyCategoryCell.swift */ = {isa = PBXFileReference; lastKnownFileType = sourcecode.swift; path = SpotifyCategoryCell.swift; sourceTree = "<group>"; };
		F416EDA32BBC4716002F80EF /* Category.swift */ = {isa = PBXFileReference; lastKnownFileType = sourcecode.swift; path = Category.swift; sourceTree = "<group>"; };
		F416EDA52BBC4EAE002F80EF /* SpofityRecentCell.swift */ = {isa = PBXFileReference; lastKnownFileType = sourcecode.swift; path = SpofityRecentCell.swift; sourceTree = "<group>"; };
		F416EDA72BBC53ED002F80EF /* SpotifyNewReleaseCell.swift */ = {isa = PBXFileReference; lastKnownFileType = sourcecode.swift; path = SpotifyNewReleaseCell.swift; sourceTree = "<group>"; };
		F4642BE22BBD3B03009A87D4 /* SongRowCell.swift */ = {isa = PBXFileReference; lastKnownFileType = sourcecode.swift; path = SongRowCell.swift; sourceTree = "<group>"; };
		F46B4E372BBD018400E52465 /* ImageTitleRowCell.swift */ = {isa = PBXFileReference; lastKnownFileType = sourcecode.swift; path = ImageTitleRowCell.swift; sourceTree = "<group>"; };
		F46B4E392BBD0AA600E52465 /* SpotifyPlayListView.swift */ = {isa = PBXFileReference; lastKnownFileType = sourcecode.swift; path = SpotifyPlayListView.swift; sourceTree = "<group>"; };
		F46B4E3B2BBD0AD200E52465 /* PlayListHeaderCell.swift */ = {isa = PBXFileReference; lastKnownFileType = sourcecode.swift; path = PlayListHeaderCell.swift; sourceTree = "<group>"; };
		F46B4E3D2BBD14BB00E52465 /* PlayListDescriptionCell.swift */ = {isa = PBXFileReference; lastKnownFileType = sourcecode.swift; path = PlayListDescriptionCell.swift; sourceTree = "<group>"; };
		F4931E1E2BBBC4E600EA7079 /* RebuildPopularUIScreensinSwiftUI.app */ = {isa = PBXFileReference; explicitFileType = wrapper.application; includeInIndex = 0; path = RebuildPopularUIScreensinSwiftUI.app; sourceTree = BUILT_PRODUCTS_DIR; };
		F4931E212BBBC4E600EA7079 /* RebuildPopularUIScreensinSwiftUIApp.swift */ = {isa = PBXFileReference; lastKnownFileType = sourcecode.swift; path = RebuildPopularUIScreensinSwiftUIApp.swift; sourceTree = "<group>"; };
		F4931E232BBBC4E600EA7079 /* ContentView.swift */ = {isa = PBXFileReference; lastKnownFileType = sourcecode.swift; path = ContentView.swift; sourceTree = "<group>"; };
		F4931E252BBBC4E700EA7079 /* Assets.xcassets */ = {isa = PBXFileReference; lastKnownFileType = folder.assetcatalog; path = Assets.xcassets; sourceTree = "<group>"; };
		F4931E282BBBC4E700EA7079 /* Preview Assets.xcassets */ = {isa = PBXFileReference; lastKnownFileType = folder.assetcatalog; path = "Preview Assets.xcassets"; sourceTree = "<group>"; };
		F4931E332BBBC71200EA7079 /* ImageLoaderView.swift */ = {isa = PBXFileReference; lastKnownFileType = sourcecode.swift; path = ImageLoaderView.swift; sourceTree = "<group>"; };
		F4931E352BBBC7CB00EA7079 /* Constants.swift */ = {isa = PBXFileReference; lastKnownFileType = sourcecode.swift; path = Constants.swift; sourceTree = "<group>"; };
		F4931E372BBBC92F00EA7079 /* DatabaseHelper.swift */ = {isa = PBXFileReference; lastKnownFileType = sourcecode.swift; path = DatabaseHelper.swift; sourceTree = "<group>"; };
		F4931E392BBBCB4E00EA7079 /* ProductModel.swift */ = {isa = PBXFileReference; lastKnownFileType = sourcecode.swift; path = ProductModel.swift; sourceTree = "<group>"; };
		F4931E3B2BBBCB6800EA7079 /* UserModel.swift */ = {isa = PBXFileReference; lastKnownFileType = sourcecode.swift; path = UserModel.swift; sourceTree = "<group>"; };
		F4931E462BBBD50900EA7079 /* SpotifyHomeView.swift */ = {isa = PBXFileReference; lastKnownFileType = sourcecode.swift; path = SpotifyHomeView.swift; sourceTree = "<group>"; };
/* End PBXFileReference section */

/* Begin PBXFrameworksBuildPhase section */
		F4931E1B2BBBC4E600EA7079 /* Frameworks */ = {
			isa = PBXFrameworksBuildPhase;
			buildActionMask = 2147483647;
			files = (
				F4931E3F2BBBCEC100EA7079 /* SwiftfulUI in Frameworks */,
				F4931E422BBBCED600EA7079 /* SwiftfulRouting in Frameworks */,
				F4931E312BBBC6F500EA7079 /* SDWebImageSwiftUI in Frameworks */,
			);
			runOnlyForDeploymentPostprocessing = 0;
		};
/* End PBXFrameworksBuildPhase section */

/* Begin PBXGroup section */
		F416EDA22BBC4708002F80EF /* Model */ = {
			isa = PBXGroup;
			children = (
				F416EDA32BBC4716002F80EF /* Category.swift */,
			);
			path = Model;
			sourceTree = "<group>";
		};
		F4931E152BBBC4E600EA7079 = {
			isa = PBXGroup;
			children = (
				F4931E202BBBC4E600EA7079 /* RebuildPopularUIScreensinSwiftUI */,
				F4931E1F2BBBC4E600EA7079 /* Products */,
			);
			sourceTree = "<group>";
		};
		F4931E1F2BBBC4E600EA7079 /* Products */ = {
			isa = PBXGroup;
			children = (
				F4931E1E2BBBC4E600EA7079 /* RebuildPopularUIScreensinSwiftUI.app */,
			);
			name = Products;
			sourceTree = "<group>";
		};
		F4931E202BBBC4E600EA7079 /* RebuildPopularUIScreensinSwiftUI */ = {
			isa = PBXGroup;
			children = (
				F4931E432BBBD4D500EA7079 /* Spotify */,
				F4931E212BBBC4E600EA7079 /* RebuildPopularUIScreensinSwiftUIApp.swift */,
				F4931E232BBBC4E600EA7079 /* ContentView.swift */,
				F4931E252BBBC4E700EA7079 /* Assets.xcassets */,
				F4931E272BBBC4E700EA7079 /* Preview Content */,
			);
			path = RebuildPopularUIScreensinSwiftUI;
			sourceTree = "<group>";
		};
		F4931E272BBBC4E700EA7079 /* Preview Content */ = {
			isa = PBXGroup;
			children = (
				F4931E282BBBC4E700EA7079 /* Preview Assets.xcassets */,
			);
			path = "Preview Content";
			sourceTree = "<group>";
		};
		F4931E322BBBC70100EA7079 /* Shared */ = {
			isa = PBXGroup;
			children = (
				F4931E332BBBC71200EA7079 /* ImageLoaderView.swift */,
				F4931E352BBBC7CB00EA7079 /* Constants.swift */,
				F4931E372BBBC92F00EA7079 /* DatabaseHelper.swift */,
				F4931E392BBBCB4E00EA7079 /* ProductModel.swift */,
				F4931E3B2BBBCB6800EA7079 /* UserModel.swift */,
			);
			path = Shared;
			sourceTree = "<group>";
		};
		F4931E432BBBD4D500EA7079 /* Spotify */ = {
			isa = PBXGroup;
			children = (
				F4931E322BBBC70100EA7079 /* Shared */,
				F416EDA22BBC4708002F80EF /* Model */,
				F4931E452BBBD4E800EA7079 /* core */,
				F4931E442BBBD4DF00EA7079 /* components */,
			);
			path = Spotify;
			sourceTree = "<group>";
		};
		F4931E442BBBD4DF00EA7079 /* components */ = {
			isa = PBXGroup;
			children = (
				F416EDA02BBC4517002F80EF /* SpotifyCategoryCell.swift */,
				F416EDA52BBC4EAE002F80EF /* SpofityRecentCell.swift */,
				F416EDA72BBC53ED002F80EF /* SpotifyNewReleaseCell.swift */,
				F46B4E372BBD018400E52465 /* ImageTitleRowCell.swift */,
				F46B4E3B2BBD0AD200E52465 /* PlayListHeaderCell.swift */,
				F46B4E3D2BBD14BB00E52465 /* PlayListDescriptionCell.swift */,
				F4642BE22BBD3B03009A87D4 /* SongRowCell.swift */,
			);
			path = components;
			sourceTree = "<group>";
		};
		F4931E452BBBD4E800EA7079 /* core */ = {
			isa = PBXGroup;
			children = (
				F4931E462BBBD50900EA7079 /* SpotifyHomeView.swift */,
				F46B4E392BBD0AA600E52465 /* SpotifyPlayListView.swift */,
			);
			path = core;
			sourceTree = "<group>";
		};
/* End PBXGroup section */

/* Begin PBXNativeTarget section */
		F4931E1D2BBBC4E600EA7079 /* RebuildPopularUIScreensinSwiftUI */ = {
			isa = PBXNativeTarget;
			buildConfigurationList = F4931E2C2BBBC4E700EA7079 /* Build configuration list for PBXNativeTarget "RebuildPopularUIScreensinSwiftUI" */;
			buildPhases = (
				F4931E1A2BBBC4E600EA7079 /* Sources */,
				F4931E1B2BBBC4E600EA7079 /* Frameworks */,
				F4931E1C2BBBC4E600EA7079 /* Resources */,
			);
			buildRules = (
			);
			dependencies = (
			);
			name = RebuildPopularUIScreensinSwiftUI;
			packageProductDependencies = (
				F4931E302BBBC6F500EA7079 /* SDWebImageSwiftUI */,
				F4931E3E2BBBCEC100EA7079 /* SwiftfulUI */,
				F4931E412BBBCED600EA7079 /* SwiftfulRouting */,
			);
			productName = RebuildPopularUIScreensinSwiftUI;
			productReference = F4931E1E2BBBC4E600EA7079 /* RebuildPopularUIScreensinSwiftUI.app */;
			productType = "com.apple.product-type.application";
		};
/* End PBXNativeTarget section */

/* Begin PBXProject section */
		F4931E162BBBC4E600EA7079 /* Project object */ = {
			isa = PBXProject;
			attributes = {
				BuildIndependentTargetsInParallel = 1;
				LastSwiftUpdateCheck = 1520;
				LastUpgradeCheck = 1520;
				TargetAttributes = {
					F4931E1D2BBBC4E600EA7079 = {
						CreatedOnToolsVersion = 15.2;
					};
				};
			};
			buildConfigurationList = F4931E192BBBC4E600EA7079 /* Build configuration list for PBXProject "RebuildPopularUIScreensinSwiftUI" */;
			compatibilityVersion = "Xcode 14.0";
			developmentRegion = en;
			hasScannedForEncodings = 0;
			knownRegions = (
				en,
				Base,
			);
			mainGroup = F4931E152BBBC4E600EA7079;
			packageReferences = (
				F4931E2F2BBBC6F500EA7079 /* XCRemoteSwiftPackageReference "SDWebImageSwiftUI" */,
				F4931E3D2BBBCEC100EA7079 /* XCRemoteSwiftPackageReference "SwiftfulUI" */,
				F4931E402BBBCED600EA7079 /* XCRemoteSwiftPackageReference "SwiftfulRouting" */,
			);
			productRefGroup = F4931E1F2BBBC4E600EA7079 /* Products */;
			projectDirPath = "";
			projectRoot = "";
			targets = (
				F4931E1D2BBBC4E600EA7079 /* RebuildPopularUIScreensinSwiftUI */,
			);
		};
/* End PBXProject section */

/* Begin PBXResourcesBuildPhase section */
		F4931E1C2BBBC4E600EA7079 /* Resources */ = {
			isa = PBXResourcesBuildPhase;
			buildActionMask = 2147483647;
			files = (
				F4931E292BBBC4E700EA7079 /* Preview Assets.xcassets in Resources */,
				F4931E262BBBC4E700EA7079 /* Assets.xcassets in Resources */,
			);
			runOnlyForDeploymentPostprocessing = 0;
		};
/* End PBXResourcesBuildPhase section */

/* Begin PBXSourcesBuildPhase section */
		F4931E1A2BBBC4E600EA7079 /* Sources */ = {
			isa = PBXSourcesBuildPhase;
			buildActionMask = 2147483647;
			files = (
				F4931E342BBBC71200EA7079 /* ImageLoaderView.swift in Sources */,
				F416EDA42BBC4716002F80EF /* Category.swift in Sources */,
				F416EDA12BBC4517002F80EF /* SpotifyCategoryCell.swift in Sources */,
				F46B4E3A2BBD0AA600E52465 /* SpotifyPlayListView.swift in Sources */,
				F416EDA82BBC53ED002F80EF /* SpotifyNewReleaseCell.swift in Sources */,
				F4931E3C2BBBCB6800EA7079 /* UserModel.swift in Sources */,
				F4931E472BBBD50900EA7079 /* SpotifyHomeView.swift in Sources */,
				F46B4E382BBD018400E52465 /* ImageTitleRowCell.swift in Sources */,
				F416EDA62BBC4EAE002F80EF /* SpofityRecentCell.swift in Sources */,
				F46B4E3C2BBD0AD200E52465 /* PlayListHeaderCell.swift in Sources */,
				F4931E3A2BBBCB4E00EA7079 /* ProductModel.swift in Sources */,
				F4931E382BBBC92F00EA7079 /* DatabaseHelper.swift in Sources */,
				F4931E242BBBC4E600EA7079 /* ContentView.swift in Sources */,
				F4931E222BBBC4E600EA7079 /* RebuildPopularUIScreensinSwiftUIApp.swift in Sources */,
				F4642BE32BBD3B03009A87D4 /* SongRowCell.swift in Sources */,
				F46B4E3E2BBD14BB00E52465 /* PlayListDescriptionCell.swift in Sources */,
				F4931E362BBBC7CB00EA7079 /* Constants.swift in Sources */,
			);
			runOnlyForDeploymentPostprocessing = 0;
		};
/* End PBXSourcesBuildPhase section */

/* Begin XCBuildConfiguration section */
		F4931E2A2BBBC4E700EA7079 /* Debug */ = {
			isa = XCBuildConfiguration;
			buildSettings = {
				ALWAYS_SEARCH_USER_PATHS = NO;
				ASSETCATALOG_COMPILER_GENERATE_SWIFT_ASSET_SYMBOL_EXTENSIONS = YES;
				CLANG_ANALYZER_NONNULL = YES;
				CLANG_ANALYZER_NUMBER_OBJECT_CONVERSION = YES_AGGRESSIVE;
				CLANG_CXX_LANGUAGE_STANDARD = "gnu++20";
				CLANG_ENABLE_MODULES = YES;
				CLANG_ENABLE_OBJC_ARC = YES;
				CLANG_ENABLE_OBJC_WEAK = YES;
				CLANG_WARN_BLOCK_CAPTURE_AUTORELEASING = YES;
				CLANG_WARN_BOOL_CONVERSION = YES;
				CLANG_WARN_COMMA = YES;
				CLANG_WARN_CONSTANT_CONVERSION = YES;
				CLANG_WARN_DEPRECATED_OBJC_IMPLEMENTATIONS = YES;
				CLANG_WARN_DIRECT_OBJC_ISA_USAGE = YES_ERROR;
				CLANG_WARN_DOCUMENTATION_COMMENTS = YES;
				CLANG_WARN_EMPTY_BODY = YES;
				CLANG_WARN_ENUM_CONVERSION = YES;
				CLANG_WARN_INFINITE_RECURSION = YES;
				CLANG_WARN_INT_CONVERSION = YES;
				CLANG_WARN_NON_LITERAL_NULL_CONVERSION = YES;
				CLANG_WARN_OBJC_IMPLICIT_RETAIN_SELF = YES;
				CLANG_WARN_OBJC_LITERAL_CONVERSION = YES;
				CLANG_WARN_OBJC_ROOT_CLASS = YES_ERROR;
				CLANG_WARN_QUOTED_INCLUDE_IN_FRAMEWORK_HEADER = YES;
				CLANG_WARN_RANGE_LOOP_ANALYSIS = YES;
				CLANG_WARN_STRICT_PROTOTYPES = YES;
				CLANG_WARN_SUSPICIOUS_MOVE = YES;
				CLANG_WARN_UNGUARDED_AVAILABILITY = YES_AGGRESSIVE;
				CLANG_WARN_UNREACHABLE_CODE = YES;
				CLANG_WARN__DUPLICATE_METHOD_MATCH = YES;
				COPY_PHASE_STRIP = NO;
				DEBUG_INFORMATION_FORMAT = dwarf;
				ENABLE_STRICT_OBJC_MSGSEND = YES;
				ENABLE_TESTABILITY = YES;
				ENABLE_USER_SCRIPT_SANDBOXING = YES;
				GCC_C_LANGUAGE_STANDARD = gnu17;
				GCC_DYNAMIC_NO_PIC = NO;
				GCC_NO_COMMON_BLOCKS = YES;
				GCC_OPTIMIZATION_LEVEL = 0;
				GCC_PREPROCESSOR_DEFINITIONS = (
					"DEBUG=1",
					"$(inherited)",
				);
				GCC_WARN_64_TO_32_BIT_CONVERSION = YES;
				GCC_WARN_ABOUT_RETURN_TYPE = YES_ERROR;
				GCC_WARN_UNDECLARED_SELECTOR = YES;
				GCC_WARN_UNINITIALIZED_AUTOS = YES_AGGRESSIVE;
				GCC_WARN_UNUSED_FUNCTION = YES;
				GCC_WARN_UNUSED_VARIABLE = YES;
				IPHONEOS_DEPLOYMENT_TARGET = 17.2;
				LOCALIZATION_PREFERS_STRING_CATALOGS = YES;
				MTL_ENABLE_DEBUG_INFO = INCLUDE_SOURCE;
				MTL_FAST_MATH = YES;
				ONLY_ACTIVE_ARCH = YES;
				SDKROOT = iphoneos;
				SWIFT_ACTIVE_COMPILATION_CONDITIONS = "DEBUG $(inherited)";
				SWIFT_OPTIMIZATION_LEVEL = "-Onone";
			};
			name = Debug;
		};
		F4931E2B2BBBC4E700EA7079 /* Release */ = {
			isa = XCBuildConfiguration;
			buildSettings = {
				ALWAYS_SEARCH_USER_PATHS = NO;
				ASSETCATALOG_COMPILER_GENERATE_SWIFT_ASSET_SYMBOL_EXTENSIONS = YES;
				CLANG_ANALYZER_NONNULL = YES;
				CLANG_ANALYZER_NUMBER_OBJECT_CONVERSION = YES_AGGRESSIVE;
				CLANG_CXX_LANGUAGE_STANDARD = "gnu++20";
				CLANG_ENABLE_MODULES = YES;
				CLANG_ENABLE_OBJC_ARC = YES;
				CLANG_ENABLE_OBJC_WEAK = YES;
				CLANG_WARN_BLOCK_CAPTURE_AUTORELEASING = YES;
				CLANG_WARN_BOOL_CONVERSION = YES;
				CLANG_WARN_COMMA = YES;
				CLANG_WARN_CONSTANT_CONVERSION = YES;
				CLANG_WARN_DEPRECATED_OBJC_IMPLEMENTATIONS = YES;
				CLANG_WARN_DIRECT_OBJC_ISA_USAGE = YES_ERROR;
				CLANG_WARN_DOCUMENTATION_COMMENTS = YES;
				CLANG_WARN_EMPTY_BODY = YES;
				CLANG_WARN_ENUM_CONVERSION = YES;
				CLANG_WARN_INFINITE_RECURSION = YES;
				CLANG_WARN_INT_CONVERSION = YES;
				CLANG_WARN_NON_LITERAL_NULL_CONVERSION = YES;
				CLANG_WARN_OBJC_IMPLICIT_RETAIN_SELF = YES;
				CLANG_WARN_OBJC_LITERAL_CONVERSION = YES;
				CLANG_WARN_OBJC_ROOT_CLASS = YES_ERROR;
				CLANG_WARN_QUOTED_INCLUDE_IN_FRAMEWORK_HEADER = YES;
				CLANG_WARN_RANGE_LOOP_ANALYSIS = YES;
				CLANG_WARN_STRICT_PROTOTYPES = YES;
				CLANG_WARN_SUSPICIOUS_MOVE = YES;
				CLANG_WARN_UNGUARDED_AVAILABILITY = YES_AGGRESSIVE;
				CLANG_WARN_UNREACHABLE_CODE = YES;
				CLANG_WARN__DUPLICATE_METHOD_MATCH = YES;
				COPY_PHASE_STRIP = NO;
				DEBUG_INFORMATION_FORMAT = "dwarf-with-dsym";
				ENABLE_NS_ASSERTIONS = NO;
				ENABLE_STRICT_OBJC_MSGSEND = YES;
				ENABLE_USER_SCRIPT_SANDBOXING = YES;
				GCC_C_LANGUAGE_STANDARD = gnu17;
				GCC_NO_COMMON_BLOCKS = YES;
				GCC_WARN_64_TO_32_BIT_CONVERSION = YES;
				GCC_WARN_ABOUT_RETURN_TYPE = YES_ERROR;
				GCC_WARN_UNDECLARED_SELECTOR = YES;
				GCC_WARN_UNINITIALIZED_AUTOS = YES_AGGRESSIVE;
				GCC_WARN_UNUSED_FUNCTION = YES;
				GCC_WARN_UNUSED_VARIABLE = YES;
				IPHONEOS_DEPLOYMENT_TARGET = 17.2;
				LOCALIZATION_PREFERS_STRING_CATALOGS = YES;
				MTL_ENABLE_DEBUG_INFO = NO;
				MTL_FAST_MATH = YES;
				SDKROOT = iphoneos;
				SWIFT_COMPILATION_MODE = wholemodule;
				VALIDATE_PRODUCT = YES;
			};
			name = Release;
		};
		F4931E2D2BBBC4E700EA7079 /* Debug */ = {
			isa = XCBuildConfiguration;
			buildSettings = {
				ASSETCATALOG_COMPILER_APPICON_NAME = AppIcon;
				ASSETCATALOG_COMPILER_GLOBAL_ACCENT_COLOR_NAME = AccentColor;
				CODE_SIGN_STYLE = Automatic;
				CURRENT_PROJECT_VERSION = 1;
				DEVELOPMENT_ASSET_PATHS = "\"RebuildPopularUIScreensinSwiftUI/Preview Content\"";
				DEVELOPMENT_TEAM = WR5H634DWJ;
				ENABLE_PREVIEWS = YES;
				GENERATE_INFOPLIST_FILE = YES;
				INFOPLIST_KEY_UIApplicationSceneManifest_Generation = YES;
				INFOPLIST_KEY_UIApplicationSupportsIndirectInputEvents = YES;
				INFOPLIST_KEY_UILaunchScreen_Generation = YES;
				INFOPLIST_KEY_UISupportedInterfaceOrientations_iPad = "UIInterfaceOrientationPortrait UIInterfaceOrientationPortraitUpsideDown UIInterfaceOrientationLandscapeLeft UIInterfaceOrientationLandscapeRight";
				INFOPLIST_KEY_UISupportedInterfaceOrientations_iPhone = "UIInterfaceOrientationPortrait UIInterfaceOrientationLandscapeLeft UIInterfaceOrientationLandscapeRight";
				LD_RUNPATH_SEARCH_PATHS = (
					"$(inherited)",
					"@executable_path/Frameworks",
				);
				MARKETING_VERSION = 1.0;
				PRODUCT_BUNDLE_IDENTIFIER = com.rutik.RebuildPopularUIScreensinSwiftUI;
				PRODUCT_NAME = "$(TARGET_NAME)";
				SWIFT_EMIT_LOC_STRINGS = YES;
				SWIFT_VERSION = 5.0;
				TARGETED_DEVICE_FAMILY = "1,2";
			};
			name = Debug;
		};
		F4931E2E2BBBC4E700EA7079 /* Release */ = {
			isa = XCBuildConfiguration;
			buildSettings = {
				ASSETCATALOG_COMPILER_APPICON_NAME = AppIcon;
				ASSETCATALOG_COMPILER_GLOBAL_ACCENT_COLOR_NAME = AccentColor;
				CODE_SIGN_STYLE = Automatic;
				CURRENT_PROJECT_VERSION = 1;
				DEVELOPMENT_ASSET_PATHS = "\"RebuildPopularUIScreensinSwiftUI/Preview Content\"";
				DEVELOPMENT_TEAM = WR5H634DWJ;
				ENABLE_PREVIEWS = YES;
				GENERATE_INFOPLIST_FILE = YES;
				INFOPLIST_KEY_UIApplicationSceneManifest_Generation = YES;
				INFOPLIST_KEY_UIApplicationSupportsIndirectInputEvents = YES;
				INFOPLIST_KEY_UILaunchScreen_Generation = YES;
				INFOPLIST_KEY_UISupportedInterfaceOrientations_iPad = "UIInterfaceOrientationPortrait UIInterfaceOrientationPortraitUpsideDown UIInterfaceOrientationLandscapeLeft UIInterfaceOrientationLandscapeRight";
				INFOPLIST_KEY_UISupportedInterfaceOrientations_iPhone = "UIInterfaceOrientationPortrait UIInterfaceOrientationLandscapeLeft UIInterfaceOrientationLandscapeRight";
				LD_RUNPATH_SEARCH_PATHS = (
					"$(inherited)",
					"@executable_path/Frameworks",
				);
				MARKETING_VERSION = 1.0;
				PRODUCT_BUNDLE_IDENTIFIER = com.rutik.RebuildPopularUIScreensinSwiftUI;
				PRODUCT_NAME = "$(TARGET_NAME)";
				SWIFT_EMIT_LOC_STRINGS = YES;
				SWIFT_VERSION = 5.0;
				TARGETED_DEVICE_FAMILY = "1,2";
			};
			name = Release;
		};
/* End XCBuildConfiguration section */

/* Begin XCConfigurationList section */
		F4931E192BBBC4E600EA7079 /* Build configuration list for PBXProject "RebuildPopularUIScreensinSwiftUI" */ = {
			isa = XCConfigurationList;
			buildConfigurations = (
				F4931E2A2BBBC4E700EA7079 /* Debug */,
				F4931E2B2BBBC4E700EA7079 /* Release */,
			);
			defaultConfigurationIsVisible = 0;
			defaultConfigurationName = Release;
		};
		F4931E2C2BBBC4E700EA7079 /* Build configuration list for PBXNativeTarget "RebuildPopularUIScreensinSwiftUI" */ = {
			isa = XCConfigurationList;
			buildConfigurations = (
				F4931E2D2BBBC4E700EA7079 /* Debug */,
				F4931E2E2BBBC4E700EA7079 /* Release */,
			);
			defaultConfigurationIsVisible = 0;
			defaultConfigurationName = Release;
		};
/* End XCConfigurationList section */

/* Begin XCRemoteSwiftPackageReference section */
		F4931E2F2BBBC6F500EA7079 /* XCRemoteSwiftPackageReference "SDWebImageSwiftUI" */ = {
			isa = XCRemoteSwiftPackageReference;
			repositoryURL = "https://github.com/SDWebImage/SDWebImageSwiftUI.git";
			requirement = {
				kind = upToNextMajorVersion;
				minimumVersion = 3.0.2;
			};
		};
		F4931E3D2BBBCEC100EA7079 /* XCRemoteSwiftPackageReference "SwiftfulUI" */ = {
			isa = XCRemoteSwiftPackageReference;
			repositoryURL = "https://github.com/SwiftfulThinking/SwiftfulUI.git";
			requirement = {
				kind = upToNextMajorVersion;
				minimumVersion = 1.1.7;
			};
		};
		F4931E402BBBCED600EA7079 /* XCRemoteSwiftPackageReference "SwiftfulRouting" */ = {
			isa = XCRemoteSwiftPackageReference;
			repositoryURL = "https://github.com/SwiftfulThinking/SwiftfulRouting.git";
			requirement = {
				kind = upToNextMajorVersion;
				minimumVersion = 5.1.0;
			};
		};
/* End XCRemoteSwiftPackageReference section */

/* Begin XCSwiftPackageProductDependency section */
		F4931E302BBBC6F500EA7079 /* SDWebImageSwiftUI */ = {
			isa = XCSwiftPackageProductDependency;
			package = F4931E2F2BBBC6F500EA7079 /* XCRemoteSwiftPackageReference "SDWebImageSwiftUI" */;
			productName = SDWebImageSwiftUI;
		};
		F4931E3E2BBBCEC100EA7079 /* SwiftfulUI */ = {
			isa = XCSwiftPackageProductDependency;
			package = F4931E3D2BBBCEC100EA7079 /* XCRemoteSwiftPackageReference "SwiftfulUI" */;
			productName = SwiftfulUI;
		};
		F4931E412BBBCED600EA7079 /* SwiftfulRouting */ = {
			isa = XCSwiftPackageProductDependency;
			package = F4931E402BBBCED600EA7079 /* XCRemoteSwiftPackageReference "SwiftfulRouting" */;
			productName = SwiftfulRouting;
		};
/* End XCSwiftPackageProductDependency section */
	};
	rootObject = F4931E162BBBC4E600EA7079 /* Project object */;
}
